<?xml version="1.0" encoding="utf-8"?>
<Project ToolsVersion="4.0" xmlns="http://schemas.microsoft.com/developer/msbuild/2003">
  <ItemGroup>
    <Filter Include="header files">
      <UniqueIdentifier>{156d6287-b492-4796-9d59-3668e9086d81}</UniqueIdentifier>
    </Filter>
    <Filter Include="source files">
      <UniqueIdentifier>{58593f85-0bdf-43a5-9251-16a145f947af}</UniqueIdentifier>
    </Filter>
  </ItemGroup>
  <ItemGroup>
    <ClCompile Include="helloworld.cpp">
      <Filter>source files</Filter>
    </ClCompile>
  </ItemGroup>
</Project>